
Microsoft Visual Studio Solution File, Format Version 12.00
# Visual Studio Version 17
VisualStudioVersion = 17.0.31903.59
MinimumVisualStudioVersion = 10.0.40219.1
Project("{2150E333-8FDC-42A3-9474-1A3956D46DE8}") = "services", "services", "{5854FF58-B8C5-05C6-5BF2-ACE42193F22B}"
EndProject
Project("{FAE04EC0-301F-11D3-BF4B-00C04F79EFBC}") = "api-gateway", "services\api-gateway\api-gateway.csproj", "{722BFAAA-A63B-4638-AA24-7530E984F130}"
EndProject
Project("{FAE04EC0-301F-11D3-BF4B-00C04F79EFBC}") = "auth-service", "services\auth-service\auth-service.csproj", "{14CFE1B2-51DD-4F78-8DD7-F22ED966801A}"
EndProject
Project("{FAE04EC0-301F-11D3-BF4B-00C04F79EFBC}") = "chatroom-service", "services\chatroom-service\chatroom-service.csproj", "{81FC56D7-1059-4AF7-AB71-302C9B37B89D}"
EndProject
Project("{FAE04EC0-301F-11D3-BF4B-00C04F79EFBC}") = "message-service", "services\message-service\message-service.csproj", "{0927EF17-5084-4ACA-9CB8-CEBDB7250569}"
EndProject
Project("{FAE04EC0-301F-11D3-BF4B-00C04F79EFBC}") = "realtime-service", "services\realtime-service\realtime-service.csproj", "{F7483A83-6F38-4303-86F3-F173F9884F0A}"
EndProject
Project("{FAE04EC0-301F-11D3-BF4B-00C04F79EFBC}") = "user-service", "services\user-service\user-service.csproj", "{406E3853-3A3B-41B5-8271-B64570B3AC7D}"
EndProject
Project("{FAE04EC0-301F-11D3-BF4B-00C04F79EFBC}") = "notification-service", "services\notification-service\notification-service.csproj", "{D677FBF7-75AC-48BC-806E-41E980CCA401}"
EndProject
Project("{2150E333-8FDC-42A3-9474-1A3956D46DE8}") = "shared", "shared", "{4F52FD11-658E-A102-6CD3-7D7C16FFA15B}"
EndProject
Project("{FAE04EC0-301F-11D3-BF4B-00C04F79EFBC}") = "Shared.Auth", "shared\Shared.Auth\Shared.Auth.csproj", "{E3809A1A-D228-4EC7-812C-2D3082D6BC29}"
EndProject
Project("{FAE04EC0-301F-11D3-BF4B-00C04F79EFBC}") = "Shared.Models", "shared\Shared.Models\Shared.Models.csproj", "{55E56B6F-0AF6-428D-B9D6-F1ED81E0D7B9}"
EndProject
Project("{FAE04EC0-301F-11D3-BF4B-00C04F79EFBC}") = "Shared.Logging", "shared\Shared.Logging\Shared.Logging.csproj", "{A51F1CE3-2E62-43FA-B9BC-2B483D449ED7}"
EndProject
Global
	GlobalSection(SolutionConfigurationPlatforms) = preSolution
		Debug|Any CPU = Debug|Any CPU
		Debug|x64 = Debug|x64
		Debug|x86 = Debug|x86
		Release|Any CPU = Release|Any CPU
		Release|x64 = Release|x64
		Release|x86 = Release|x86
	EndGlobalSection
	GlobalSection(ProjectConfigurationPlatforms) = postSolution
		{722BFAAA-A63B-4638-AA24-7530E984F130}.Debug|Any CPU.ActiveCfg = Debug|Any CPU
		{722BFAAA-A63B-4638-AA24-7530E984F130}.Debug|Any CPU.Build.0 = Debug|Any CPU
		{722BFAAA-A63B-4638-AA24-7530E984F130}.Debug|x64.ActiveCfg = Debug|Any CPU
		{722BFAAA-A63B-4638-AA24-7530E984F130}.Debug|x64.Build.0 = Debug|Any CPU
		{722BFAAA-A63B-4638-AA24-7530E984F130}.Debug|x86.ActiveCfg = Debug|Any CPU
		{722BFAAA-A63B-4638-AA24-7530E984F130}.Debug|x86.Build.0 = Debug|Any CPU
		{722BFAAA-A63B-4638-AA24-7530E984F130}.Release|Any CPU.ActiveCfg = Release|Any CPU
		{722BFAAA-A63B-4638-AA24-7530E984F130}.Release|Any CPU.Build.0 = Release|Any CPU
		{722BFAAA-A63B-4638-AA24-7530E984F130}.Release|x64.ActiveCfg = Release|Any CPU
		{722BFAAA-A63B-4638-AA24-7530E984F130}.Release|x64.Build.0 = Release|Any CPU
		{722BFAAA-A63B-4638-AA24-7530E984F130}.Release|x86.ActiveCfg = Release|Any CPU
		{722BFAAA-A63B-4638-AA24-7530E984F130}.Release|x86.Build.0 = Release|Any CPU
		{14CFE1B2-51DD-4F78-8DD7-F22ED966801A}.Debug|Any CPU.ActiveCfg = Debug|Any CPU
		{14CFE1B2-51DD-4F78-8DD7-F22ED966801A}.Debug|Any CPU.Build.0 = Debug|Any CPU
		{14CFE1B2-51DD-4F78-8DD7-F22ED966801A}.Debug|x64.ActiveCfg = Debug|Any CPU
		{14CFE1B2-51DD-4F78-8DD7-F22ED966801A}.Debug|x64.Build.0 = Debug|Any CPU
		{14CFE1B2-51DD-4F78-8DD7-F22ED966801A}.Debug|x86.ActiveCfg = Debug|Any CPU
		{14CFE1B2-51DD-4F78-8DD7-F22ED966801A}.Debug|x86.Build.0 = Debug|Any CPU
		{14CFE1B2-51DD-4F78-8DD7-F22ED966801A}.Release|Any CPU.ActiveCfg = Release|Any CPU
		{14CFE1B2-51DD-4F78-8DD7-F22ED966801A}.Release|Any CPU.Build.0 = Release|Any CPU
		{14CFE1B2-51DD-4F78-8DD7-F22ED966801A}.Release|x64.ActiveCfg = Release|Any CPU
		{14CFE1B2-51DD-4F78-8DD7-F22ED966801A}.Release|x64.Build.0 = Release|Any CPU
		{14CFE1B2-51DD-4F78-8DD7-F22ED966801A}.Release|x86.ActiveCfg = Release|Any CPU
		{14CFE1B2-51DD-4F78-8DD7-F22ED966801A}.Release|x86.Build.0 = Release|Any CPU
		{81FC56D7-1059-4AF7-AB71-302C9B37B89D}.Debug|Any CPU.ActiveCfg = Debug|Any CPU
		{81FC56D7-1059-4AF7-AB71-302C9B37B89D}.Debug|Any CPU.Build.0 = Debug|Any CPU
		{81FC56D7-1059-4AF7-AB71-302C9B37B89D}.Debug|x64.ActiveCfg = Debug|Any CPU
		{81FC56D7-1059-4AF7-AB71-302C9B37B89D}.Debug|x64.Build.0 = Debug|Any CPU
		{81FC56D7-1059-4AF7-AB71-302C9B37B89D}.Debug|x86.ActiveCfg = Debug|Any CPU
		{81FC56D7-1059-4AF7-AB71-302C9B37B89D}.Debug|x86.Build.0 = Debug|Any CPU
		{81FC56D7-1059-4AF7-AB71-302C9B37B89D}.Release|Any CPU.ActiveCfg = Release|Any CPU
		{81FC56D7-1059-4AF7-AB71-302C9B37B89D}.Release|Any CPU.Build.0 = Release|Any CPU
		{81FC56D7-1059-4AF7-AB71-302C9B37B89D}.Release|x64.ActiveCfg = Release|Any CPU
		{81FC56D7-1059-4AF7-AB71-302C9B37B89D}.Release|x64.Build.0 = Release|Any CPU
		{81FC56D7-1059-4AF7-AB71-302C9B37B89D}.Release|x86.ActiveCfg = Release|Any CPU
		{81FC56D7-1059-4AF7-AB71-302C9B37B89D}.Release|x86.Build.0 = Release|Any CPU
		{0927EF17-5084-4ACA-9CB8-CEBDB7250569}.Debug|Any CPU.ActiveCfg = Debug|Any CPU
		{0927EF17-5084-4ACA-9CB8-CEBDB7250569}.Debug|Any CPU.Build.0 = Debug|Any CPU
		{0927EF17-5084-4ACA-9CB8-CEBDB7250569}.Debug|x64.ActiveCfg = Debug|Any CPU
		{0927EF17-5084-4ACA-9CB8-CEBDB7250569}.Debug|x64.Build.0 = Debug|Any CPU
		{0927EF17-5084-4ACA-9CB8-CEBDB7250569}.Debug|x86.ActiveCfg = Debug|Any CPU
		{0927EF17-5084-4ACA-9CB8-CEBDB7250569}.Debug|x86.Build.0 = Debug|Any CPU
		{0927EF17-5084-4ACA-9CB8-CEBDB7250569}.Release|Any CPU.ActiveCfg = Release|Any CPU
		{0927EF17-5084-4ACA-9CB8-CEBDB7250569}.Release|Any CPU.Build.0 = Release|Any CPU
		{0927EF17-5084-4ACA-9CB8-CEBDB7250569}.Release|x64.ActiveCfg = Release|Any CPU
		{0927EF17-5084-4ACA-9CB8-CEBDB7250569}.Release|x64.Build.0 = Release|Any CPU
		{0927EF17-5084-4ACA-9CB8-CEBDB7250569}.Release|x86.ActiveCfg = Release|Any CPU
		{0927EF17-5084-4ACA-9CB8-CEBDB7250569}.Release|x86.Build.0 = Release|Any CPU
		{F7483A83-6F38-4303-86F3-F173F9884F0A}.Debug|Any CPU.ActiveCfg = Debug|Any CPU
		{F7483A83-6F38-4303-86F3-F173F9884F0A}.Debug|Any CPU.Build.0 = Debug|Any CPU
		{F7483A83-6F38-4303-86F3-F173F9884F0A}.Debug|x64.ActiveCfg = Debug|Any CPU
		{F7483A83-6F38-4303-86F3-F173F9884F0A}.Debug|x64.Build.0 = Debug|Any CPU
		{F7483A83-6F38-4303-86F3-F173F9884F0A}.Debug|x86.ActiveCfg = Debug|Any CPU
		{F7483A83-6F38-4303-86F3-F173F9884F0A}.Debug|x86.Build.0 = Debug|Any CPU
		{F7483A83-6F38-4303-86F3-F173F9884F0A}.Release|Any CPU.ActiveCfg = Release|Any CPU
		{F7483A83-6F38-4303-86F3-F173F9884F0A}.Release|Any CPU.Build.0 = Release|Any CPU
		{F7483A83-6F38-4303-86F3-F173F9884F0A}.Release|x64.ActiveCfg = Release|Any CPU
		{F7483A83-6F38-4303-86F3-F173F9884F0A}.Release|x64.Build.0 = Release|Any CPU
		{F7483A83-6F38-4303-86F3-F173F9884F0A}.Release|x86.ActiveCfg = Release|Any CPU
		{F7483A83-6F38-4303-86F3-F173F9884F0A}.Release|x86.Build.0 = Release|Any CPU
		{406E3853-3A3B-41B5-8271-B64570B3AC7D}.Debug|Any CPU.ActiveCfg = Debug|Any CPU
		{406E3853-3A3B-41B5-8271-B64570B3AC7D}.Debug|Any CPU.Build.0 = Debug|Any CPU
		{406E3853-3A3B-41B5-8271-B64570B3AC7D}.Debug|x64.ActiveCfg = Debug|Any CPU
		{406E3853-3A3B-41B5-8271-B64570B3AC7D}.Debug|x64.Build.0 = Debug|Any CPU
		{406E3853-3A3B-41B5-8271-B64570B3AC7D}.Debug|x86.ActiveCfg = Debug|Any CPU
		{406E3853-3A3B-41B5-8271-B64570B3AC7D}.Debug|x86.Build.0 = Debug|Any CPU
		{406E3853-3A3B-41B5-8271-B64570B3AC7D}.Release|Any CPU.ActiveCfg = Release|Any CPU
		{406E3853-3A3B-41B5-8271-B64570B3AC7D}.Release|Any CPU.Build.0 = Release|Any CPU
		{406E3853-3A3B-41B5-8271-B64570B3AC7D}.Release|x64.ActiveCfg = Release|Any CPU
		{406E3853-3A3B-41B5-8271-B64570B3AC7D}.Release|x64.Build.0 = Release|Any CPU
		{406E3853-3A3B-41B5-8271-B64570B3AC7D}.Release|x86.ActiveCfg = Release|Any CPU
		{406E3853-3A3B-41B5-8271-B64570B3AC7D}.Release|x86.Build.0 = Release|Any CPU
		{D677FBF7-75AC-48BC-806E-41E980CCA401}.Debug|Any CPU.ActiveCfg = Debug|Any CPU
		{D677FBF7-75AC-48BC-806E-41E980CCA401}.Debug|Any CPU.Build.0 = Debug|Any CPU
		{D677FBF7-75AC-48BC-806E-41E980CCA401}.Debug|x64.ActiveCfg = Debug|Any CPU
		{D677FBF7-75AC-48BC-806E-41E980CCA401}.Debug|x64.Build.0 = Debug|Any CPU
		{D677FBF7-75AC-48BC-806E-41E980CCA401}.Debug|x86.ActiveCfg = Debug|Any CPU
		{D677FBF7-75AC-48BC-806E-41E980CCA401}.Debug|x86.Build.0 = Debug|Any CPU
		{D677FBF7-75AC-48BC-806E-41E980CCA401}.Release|Any CPU.ActiveCfg = Release|Any CPU
		{D677FBF7-75AC-48BC-806E-41E980CCA401}.Release|Any CPU.Build.0 = Release|Any CPU
		{D677FBF7-75AC-48BC-806E-41E980CCA401}.Release|x64.ActiveCfg = Release|Any CPU
		{D677FBF7-75AC-48BC-806E-41E980CCA401}.Release|x64.Build.0 = Release|Any CPU
		{D677FBF7-75AC-48BC-806E-41E980CCA401}.Release|x86.ActiveCfg = Release|Any CPU
		{D677FBF7-75AC-48BC-806E-41E980CCA401}.Release|x86.Build.0 = Release|Any CPU
		{E3809A1A-D228-4EC7-812C-2D3082D6BC29}.Debug|Any CPU.ActiveCfg = Debug|Any CPU
		{E3809A1A-D228-4EC7-812C-2D3082D6BC29}.Debug|Any CPU.Build.0 = Debug|Any CPU
		{E3809A1A-D228-4EC7-812C-2D3082D6BC29}.Debug|x64.ActiveCfg = Debug|Any CPU
		{E3809A1A-D228-4EC7-812C-2D3082D6BC29}.Debug|x64.Build.0 = Debug|Any CPU
		{E3809A1A-D228-4EC7-812C-2D3082D6BC29}.Debug|x86.ActiveCfg = Debug|Any CPU
		{E3809A1A-D228-4EC7-812C-2D3082D6BC29}.Debug|x86.Build.0 = Debug|Any CPU
		{E3809A1A-D228-4EC7-812C-2D3082D6BC29}.Release|Any CPU.ActiveCfg = Release|Any CPU
		{E3809A1A-D228-4EC7-812C-2D3082D6BC29}.Release|Any CPU.Build.0 = Release|Any CPU
		{E3809A1A-D228-4EC7-812C-2D3082D6BC29}.Release|x64.ActiveCfg = Release|Any CPU
		{E3809A1A-D228-4EC7-812C-2D3082D6BC29}.Release|x64.Build.0 = Release|Any CPU
		{E3809A1A-D228-4EC7-812C-2D3082D6BC29}.Release|x86.ActiveCfg = Release|Any CPU
		{E3809A1A-D228-4EC7-812C-2D3082D6BC29}.Release|x86.Build.0 = Release|Any CPU
		{55E56B6F-0AF6-428D-B9D6-F1ED81E0D7B9}.Debug|Any CPU.ActiveCfg = Debug|Any CPU
		{55E56B6F-0AF6-428D-B9D6-F1ED81E0D7B9}.Debug|Any CPU.Build.0 = Debug|Any CPU
		{55E56B6F-0AF6-428D-B9D6-F1ED81E0D7B9}.Debug|x64.ActiveCfg = Debug|Any CPU
		{55E56B6F-0AF6-428D-B9D6-F1ED81E0D7B9}.Debug|x64.Build.0 = Debug|Any CPU
		{55E56B6F-0AF6-428D-B9D6-F1ED81E0D7B9}.Debug|x86.ActiveCfg = Debug|Any CPU
		{55E56B6F-0AF6-428D-B9D6-F1ED81E0D7B9}.Debug|x86.Build.0 = Debug|Any CPU
		{55E56B6F-0AF6-428D-B9D6-F1ED81E0D7B9}.Release|Any CPU.ActiveCfg = Release|Any CPU
		{55E56B6F-0AF6-428D-B9D6-F1ED81E0D7B9}.Release|Any CPU.Build.0 = Release|Any CPU
		{55E56B6F-0AF6-428D-B9D6-F1ED81E0D7B9}.Release|x64.ActiveCfg = Release|Any CPU
		{55E56B6F-0AF6-428D-B9D6-F1ED81E0D7B9}.Release|x64.Build.0 = Release|Any CPU
		{55E56B6F-0AF6-428D-B9D6-F1ED81E0D7B9}.Release|x86.ActiveCfg = Release|Any CPU
		{55E56B6F-0AF6-428D-B9D6-F1ED81E0D7B9}.Release|x86.Build.0 = Release|Any CPU
		{A51F1CE3-2E62-43FA-B9BC-2B483D449ED7}.Debug|Any CPU.ActiveCfg = Debug|Any CPU
		{A51F1CE3-2E62-43FA-B9BC-2B483D449ED7}.Debug|Any CPU.Build.0 = Debug|Any CPU
		{A51F1CE3-2E62-43FA-B9BC-2B483D449ED7}.Debug|x64.ActiveCfg = Debug|Any CPU
		{A51F1CE3-2E62-43FA-B9BC-2B483D449ED7}.Debug|x64.Build.0 = Debug|Any CPU
		{A51F1CE3-2E62-43FA-B9BC-2B483D449ED7}.Debug|x86.ActiveCfg = Debug|Any CPU
		{A51F1CE3-2E62-43FA-B9BC-2B483D449ED7}.Debug|x86.Build.0 = Debug|Any CPU
		{A51F1CE3-2E62-43FA-B9BC-2B483D449ED7}.Release|Any CPU.ActiveCfg = Release|Any CPU
		{A51F1CE3-2E62-43FA-B9BC-2B483D449ED7}.Release|Any CPU.Build.0 = Release|Any CPU
		{A51F1CE3-2E62-43FA-B9BC-2B483D449ED7}.Release|x64.ActiveCfg = Release|Any CPU
		{A51F1CE3-2E62-43FA-B9BC-2B483D449ED7}.Release|x64.Build.0 = Release|Any CPU
		{A51F1CE3-2E62-43FA-B9BC-2B483D449ED7}.Release|x86.ActiveCfg = Release|Any CPU
		{A51F1CE3-2E62-43FA-B9BC-2B483D449ED7}.Release|x86.Build.0 = Release|Any CPU
	EndGlobalSection
	GlobalSection(SolutionProperties) = preSolution
		HideSolutionNode = FALSE
	EndGlobalSection
	GlobalSection(NestedProjects) = preSolution
		{722BFAAA-A63B-4638-AA24-7530E984F130} = {5854FF58-B8C5-05C6-5BF2-ACE42193F22B}
		{14CFE1B2-51DD-4F78-8DD7-F22ED966801A} = {5854FF58-B8C5-05C6-5BF2-ACE42193F22B}
		{81FC56D7-1059-4AF7-AB71-302C9B37B89D} = {5854FF58-B8C5-05C6-5BF2-ACE42193F22B}
		{0927EF17-5084-4ACA-9CB8-CEBDB7250569} = {5854FF58-B8C5-05C6-5BF2-ACE42193F22B}
		{F7483A83-6F38-4303-86F3-F173F9884F0A} = {5854FF58-B8C5-05C6-5BF2-ACE42193F22B}
		{406E3853-3A3B-41B5-8271-B64570B3AC7D} = {5854FF58-B8C5-05C6-5BF2-ACE42193F22B}
		{D677FBF7-75AC-48BC-806E-41E980CCA401} = {5854FF58-B8C5-05C6-5BF2-ACE42193F22B}
		{E3809A1A-D228-4EC7-812C-2D3082D6BC29} = {4F52FD11-658E-A102-6CD3-7D7C16FFA15B}
		{55E56B6F-0AF6-428D-B9D6-F1ED81E0D7B9} = {4F52FD11-658E-A102-6CD3-7D7C16FFA15B}
		{A51F1CE3-2E62-43FA-B9BC-2B483D449ED7} = {4F52FD11-658E-A102-6CD3-7D7C16FFA15B}
	EndGlobalSection
EndGlobal
